{
  "name": "asap-design-jeisson-mvp",
  "version": "1.0.0-demo",
  "lockfileVersion": 3,
  "requires": true,
  "packages": {
    "": {
      "name": "asap-design-jeisson-mvp",
      "version": "1.0.0-demo",
      "license": "UNLICENSED",
      "engines": {
        "node": ">=22 <27"
      }
    }
  }
}
